
Microsoft Visual Studio Solution File, Format Version 12.00
# Visual Studio Version 17
VisualStudioVersion = 17.6.33723.286
MinimumVisualStudioVersion = 10.0.40219.1
Project("{FAE04EC0-301F-11D3-BF4B-00C04F79EFBC}") = "MVVM_login_parol_05-06-2023", "MVVM_login_parol_05-06-2023.csproj", "{C44611E0-39E7-41A1-8860-282AA85DCF98}"
EndProject
Global
	GlobalSection(SolutionConfigurationPlatforms) = preSolution
		Debug|Any CPU = Debug|Any CPU
		Release|Any CPU = Release|Any CPU
	EndGlobalSection
	GlobalSection(ProjectConfigurationPlatforms) = postSolution
		{C44611E0-39E7-41A1-8860-282AA85DCF98}.Debug|Any CPU.ActiveCfg = Debug|Any CPU
		{C44611E0-39E7-41A1-8860-282AA85DCF98}.Debug|Any CPU.Build.0 = Debug|Any CPU
		{C44611E0-39E7-41A1-8860-282AA85DCF98}.Release|Any CPU.ActiveCfg = Release|Any CPU
		{C44611E0-39E7-41A1-8860-282AA85DCF98}.Release|Any CPU.Build.0 = Release|Any CPU
	EndGlobalSection
	GlobalSection(SolutionProperties) = preSolution
		HideSolutionNode = FALSE
	EndGlobalSection
	GlobalSection(ExtensibilityGlobals) = postSolution
		SolutionGuid = {C968D3D4-D7F4-4FD9-BF42-7FB898656624}
	EndGlobalSection
EndGlobal
